<?xml version="1.0" encoding="utf-8"?>
<Project ToolsVersion="4.0" xmlns="http://schemas.microsoft.com/developer/msbuild/2003">
  <ItemGroup>
    <Filter Include="Source Files">
      <UniqueIdentifier>{4FC737F1-C7A5-4376-A066-2A32D752A2FF}</UniqueIdentifier>
      <Extensions>cpp;c;cc;cxx;c++;cppm;ixx;def;odl;idl;hpj;bat;asm;asmx</Extensions>
    </Filter>
    <Filter Include="Examples">
      <UniqueIdentifier>{190ca651-d546-4609-a9d5-85d0de91fd65}</UniqueIdentifier>
    </Filter>
    <Filter Include="Examples\Pointers">
      <UniqueIdentifier>{48bef26b-6f5e-4c5f-8fbc-659c02309f3f}</UniqueIdentifier>
    </Filter>
    <Filter Include="Source Files\Allocators">
      <UniqueIdentifier>{beaed8df-f23e-4819-80a6-3f031a03366e}</UniqueIdentifier>
    </Filter>
    <Filter Include="Source Files\Wrappers">
      <UniqueIdentifier>{bf2a8978-acaa-4510-9df9-055349aa64af}</UniqueIdentifier>
    </Filter>
  </ItemGroup>
  <ItemGroup>
    <ClCompile Include="pch.cpp">
      <Filter>Source Files</Filter>
    </ClCompile>
    <ClCompile Include="Examples\Pointers\E01_Basics.cpp">
      <Filter>Examples\Pointers</Filter>
    </ClCompile>
    <ClCompile Include="Examples\Pointers\E02_RawMemoryManagement.cpp">
      <Filter>Examples\Pointers</Filter>
    </ClCompile>
    <ClCompile Include="Examples\Pointers\E03_unique_ptr.cpp">
      <Filter>Examples\Pointers</Filter>
    </ClCompile>
    <ClCompile Include="Vector2.cpp">
      <Filter>Source Files</Filter>
    </ClCompile>
    <ClCompile Include="Examples\Pointers\E04_shared_ptr.cpp">
      <Filter>Examples\Pointers</Filter>
    </ClCompile>
    <ClCompile Include="Examples\Pointers\E05_PoolAllocatorExample.cpp">
      <Filter>Examples\Pointers</Filter>
    </ClCompile>
    <ClCompile Include="Examples\Pointers\E06_ComInterfaces.cpp">
      <Filter>Examples\Pointers</Filter>
    </ClCompile>
  </ItemGroup>
  <ItemGroup>
    <ClInclude Include="pch.h">
      <Filter>Source Files</Filter>
    </ClInclude>
    <ClInclude Include="Allocators\TrackingAllocator.h">
      <Filter>Source Files\Allocators</Filter>
    </ClInclude>
    <ClInclude Include="Vector2.h">
      <Filter>Source Files</Filter>
    </ClInclude>
    <ClInclude Include="Allocators\PoolAllocator.h">
      <Filter>Source Files\Allocators</Filter>
    </ClInclude>
    <ClInclude Include="Wrappers\com_ptr.h">
      <Filter>Source Files\Wrappers</Filter>
    </ClInclude>
  </ItemGroup>
</Project>