<?xml version="1.0" encoding="utf-8"?>
<Project ToolsVersion="4.0" xmlns="http://schemas.microsoft.com/developer/msbuild/2003">
  <ItemGroup>
    <Filter Include="Source Files">
      <UniqueIdentifier>{4FC737F1-C7A5-4376-A066-2A32D752A2FF}</UniqueIdentifier>
      <Extensions>cpp;c;cc;cxx;c++;cppm;ixx;def;odl;idl;hpj;bat;asm;asmx</Extensions>
    </Filter>
    <Filter Include="Examples">
      <UniqueIdentifier>{190ca651-d546-4609-a9d5-85d0de91fd65}</UniqueIdentifier>
    </Filter>
    <Filter Include="Examples\Pointers">
      <UniqueIdentifier>{48bef26b-6f5e-4c5f-8fbc-659c02309f3f}</UniqueIdentifier>
    </Filter>
  </ItemGroup>
  <ItemGroup>
    <ClCompile Include="pch.cpp">
      <Filter>Source Files</Filter>
    </ClCompile>
    <ClCompile Include="Examples\Pointers\E01_Basics.cpp">
      <Filter>Examples\Pointers</Filter>
    </ClCompile>
    <ClCompile Include="Examples\Pointers\E02_RawMemoryManagement.cpp">
      <Filter>Examples\Pointers</Filter>
    </ClCompile>
  </ItemGroup>
  <ItemGroup>
    <ClInclude Include="pch.h">
      <Filter>Source Files</Filter>
    </ClInclude>
  </ItemGroup>
</Project>